
Microsoft Visual Studio Solution File, Format Version 12.00
# Visual Studio 15
VisualStudioVersion = 15.0.28010.2003
MinimumVisualStudioVersion = 10.0.40219.1
Project("{9A19103F-16F7-4668-BE54-9A1E7A4F7556}") = "Passingwind.UserDialogs", "Passingwind.UserDialogs\Passingwind.UserDialogs.csproj", "{DBA6284B-C0C8-436A-B012-0FE2ADCED0AA}"
EndProject
Project("{FAE04EC0-301F-11D3-BF4B-00C04F79EFBC}") = "Sample.Android", "Sample\Sample.Android\Sample.Android.csproj", "{609D543E-DB1B-49C9-9BB8-39BB0CD8356E}"
EndProject
Project("{FAE04EC0-301F-11D3-BF4B-00C04F79EFBC}") = "Sample.iOS", "Sample\Sample.iOS\Sample.iOS.csproj", "{09FE3F16-5604-4383-94F8-6FE5B6BF725A}"
EndProject
Project("{9A19103F-16F7-4668-BE54-9A1E7A4F7556}") = "Sample", "Sample\Sample\Sample.csproj", "{3ACE0CB6-7A0A-4852-92EC-EB6388B66397}"
EndProject
Project("{FAE04EC0-301F-11D3-BF4B-00C04F79EFBC}") = "BindingKProgressHUD", "BindingKProgressHUD\BindingKProgressHUD.csproj", "{38855710-656E-40EB-8490-024F96ADCDDE}"
EndProject
Project("{FAE04EC0-301F-11D3-BF4B-00C04F79EFBC}") = "KProgressHUD", "KProgressHUD.charp\KProgressHUD.csproj", "{B687CEFE-9A4E-4FA9-8F77-07E4ADEA7E72}"
EndProject
Global
	GlobalSection(SolutionConfigurationPlatforms) = preSolution
		Ad-Hoc|Any CPU = Ad-Hoc|Any CPU
		Ad-Hoc|iPhone = Ad-Hoc|iPhone
		Ad-Hoc|iPhoneSimulator = Ad-Hoc|iPhoneSimulator
		AppStore|Any CPU = AppStore|Any CPU
		AppStore|iPhone = AppStore|iPhone
		AppStore|iPhoneSimulator = AppStore|iPhoneSimulator
		Debug|Any CPU = Debug|Any CPU
		Debug|iPhone = Debug|iPhone
		Debug|iPhoneSimulator = Debug|iPhoneSimulator
		Release|Any CPU = Release|Any CPU
		Release|iPhone = Release|iPhone
		Release|iPhoneSimulator = Release|iPhoneSimulator
	EndGlobalSection
	GlobalSection(ProjectConfigurationPlatforms) = postSolution
		{DBA6284B-C0C8-436A-B012-0FE2ADCED0AA}.Ad-Hoc|Any CPU.ActiveCfg = Debug|Any CPU
		{DBA6284B-C0C8-436A-B012-0FE2ADCED0AA}.Ad-Hoc|Any CPU.Build.0 = Debug|Any CPU
		{DBA6284B-C0C8-436A-B012-0FE2ADCED0AA}.Ad-Hoc|iPhone.ActiveCfg = Debug|Any CPU
		{DBA6284B-C0C8-436A-B012-0FE2ADCED0AA}.Ad-Hoc|iPhone.Build.0 = Debug|Any CPU
		{DBA6284B-C0C8-436A-B012-0FE2ADCED0AA}.Ad-Hoc|iPhoneSimulator.ActiveCfg = Debug|Any CPU
		{DBA6284B-C0C8-436A-B012-0FE2ADCED0AA}.Ad-Hoc|iPhoneSimulator.Build.0 = Debug|Any CPU
		{DBA6284B-C0C8-436A-B012-0FE2ADCED0AA}.AppStore|Any CPU.ActiveCfg = Debug|Any CPU
		{DBA6284B-C0C8-436A-B012-0FE2ADCED0AA}.AppStore|Any CPU.Build.0 = Debug|Any CPU
		{DBA6284B-C0C8-436A-B012-0FE2ADCED0AA}.AppStore|iPhone.ActiveCfg = Debug|Any CPU
		{DBA6284B-C0C8-436A-B012-0FE2ADCED0AA}.AppStore|iPhone.Build.0 = Debug|Any CPU
		{DBA6284B-C0C8-436A-B012-0FE2ADCED0AA}.AppStore|iPhoneSimulator.ActiveCfg = Debug|Any CPU
		{DBA6284B-C0C8-436A-B012-0FE2ADCED0AA}.AppStore|iPhoneSimulator.Build.0 = Debug|Any CPU
		{DBA6284B-C0C8-436A-B012-0FE2ADCED0AA}.Debug|Any CPU.ActiveCfg = Debug|Any CPU
		{DBA6284B-C0C8-436A-B012-0FE2ADCED0AA}.Debug|Any CPU.Build.0 = Debug|Any CPU
		{DBA6284B-C0C8-436A-B012-0FE2ADCED0AA}.Debug|iPhone.ActiveCfg = Debug|Any CPU
		{DBA6284B-C0C8-436A-B012-0FE2ADCED0AA}.Debug|iPhone.Build.0 = Debug|Any CPU
		{DBA6284B-C0C8-436A-B012-0FE2ADCED0AA}.Debug|iPhoneSimulator.ActiveCfg = Debug|Any CPU
		{DBA6284B-C0C8-436A-B012-0FE2ADCED0AA}.Debug|iPhoneSimulator.Build.0 = Debug|Any CPU
		{DBA6284B-C0C8-436A-B012-0FE2ADCED0AA}.Release|Any CPU.ActiveCfg = Release|Any CPU
		{DBA6284B-C0C8-436A-B012-0FE2ADCED0AA}.Release|Any CPU.Build.0 = Release|Any CPU
		{DBA6284B-C0C8-436A-B012-0FE2ADCED0AA}.Release|iPhone.ActiveCfg = Release|Any CPU
		{DBA6284B-C0C8-436A-B012-0FE2ADCED0AA}.Release|iPhone.Build.0 = Release|Any CPU
		{DBA6284B-C0C8-436A-B012-0FE2ADCED0AA}.Release|iPhoneSimulator.ActiveCfg = Release|Any CPU
		{DBA6284B-C0C8-436A-B012-0FE2ADCED0AA}.Release|iPhoneSimulator.Build.0 = Release|Any CPU
		{609D543E-DB1B-49C9-9BB8-39BB0CD8356E}.Ad-Hoc|Any CPU.ActiveCfg = Release|Any CPU
		{609D543E-DB1B-49C9-9BB8-39BB0CD8356E}.Ad-Hoc|Any CPU.Build.0 = Release|Any CPU
		{609D543E-DB1B-49C9-9BB8-39BB0CD8356E}.Ad-Hoc|Any CPU.Deploy.0 = Release|Any CPU
		{609D543E-DB1B-49C9-9BB8-39BB0CD8356E}.Ad-Hoc|iPhone.ActiveCfg = Release|Any CPU
		{609D543E-DB1B-49C9-9BB8-39BB0CD8356E}.Ad-Hoc|iPhone.Build.0 = Release|Any CPU
		{609D543E-DB1B-49C9-9BB8-39BB0CD8356E}.Ad-Hoc|iPhone.Deploy.0 = Release|Any CPU
		{609D543E-DB1B-49C9-9BB8-39BB0CD8356E}.Ad-Hoc|iPhoneSimulator.ActiveCfg = Release|Any CPU
		{609D543E-DB1B-49C9-9BB8-39BB0CD8356E}.Ad-Hoc|iPhoneSimulator.Build.0 = Release|Any CPU
		{609D543E-DB1B-49C9-9BB8-39BB0CD8356E}.Ad-Hoc|iPhoneSimulator.Deploy.0 = Release|Any CPU
		{609D543E-DB1B-49C9-9BB8-39BB0CD8356E}.AppStore|Any CPU.ActiveCfg = Release|Any CPU
		{609D543E-DB1B-49C9-9BB8-39BB0CD8356E}.AppStore|Any CPU.Build.0 = Release|Any CPU
		{609D543E-DB1B-49C9-9BB8-39BB0CD8356E}.AppStore|Any CPU.Deploy.0 = Release|Any CPU
		{609D543E-DB1B-49C9-9BB8-39BB0CD8356E}.AppStore|iPhone.ActiveCfg = Release|Any CPU
		{609D543E-DB1B-49C9-9BB8-39BB0CD8356E}.AppStore|iPhone.Build.0 = Release|Any CPU
		{609D543E-DB1B-49C9-9BB8-39BB0CD8356E}.AppStore|iPhone.Deploy.0 = Release|Any CPU
		{609D543E-DB1B-49C9-9BB8-39BB0CD8356E}.AppStore|iPhoneSimulator.ActiveCfg = Release|Any CPU
		{609D543E-DB1B-49C9-9BB8-39BB0CD8356E}.AppStore|iPhoneSimulator.Build.0 = Release|Any CPU
		{609D543E-DB1B-49C9-9BB8-39BB0CD8356E}.AppStore|iPhoneSimulator.Deploy.0 = Release|Any CPU
		{609D543E-DB1B-49C9-9BB8-39BB0CD8356E}.Debug|Any CPU.ActiveCfg = Debug|Any CPU
		{609D543E-DB1B-49C9-9BB8-39BB0CD8356E}.Debug|Any CPU.Build.0 = Debug|Any CPU
		{609D543E-DB1B-49C9-9BB8-39BB0CD8356E}.Debug|Any CPU.Deploy.0 = Debug|Any CPU
		{609D543E-DB1B-49C9-9BB8-39BB0CD8356E}.Debug|iPhone.ActiveCfg = Debug|Any CPU
		{609D543E-DB1B-49C9-9BB8-39BB0CD8356E}.Debug|iPhone.Build.0 = Debug|Any CPU
		{609D543E-DB1B-49C9-9BB8-39BB0CD8356E}.Debug|iPhone.Deploy.0 = Debug|Any CPU
		{609D543E-DB1B-49C9-9BB8-39BB0CD8356E}.Debug|iPhoneSimulator.ActiveCfg = Debug|Any CPU
		{609D543E-DB1B-49C9-9BB8-39BB0CD8356E}.Debug|iPhoneSimulator.Build.0 = Debug|Any CPU
		{609D543E-DB1B-49C9-9BB8-39BB0CD8356E}.Debug|iPhoneSimulator.Deploy.0 = Debug|Any CPU
		{609D543E-DB1B-49C9-9BB8-39BB0CD8356E}.Release|Any CPU.ActiveCfg = Release|Any CPU
		{609D543E-DB1B-49C9-9BB8-39BB0CD8356E}.Release|Any CPU.Build.0 = Release|Any CPU
		{609D543E-DB1B-49C9-9BB8-39BB0CD8356E}.Release|Any CPU.Deploy.0 = Release|Any CPU
		{609D543E-DB1B-49C9-9BB8-39BB0CD8356E}.Release|iPhone.ActiveCfg = Release|Any CPU
		{609D543E-DB1B-49C9-9BB8-39BB0CD8356E}.Release|iPhone.Build.0 = Release|Any CPU
		{609D543E-DB1B-49C9-9BB8-39BB0CD8356E}.Release|iPhone.Deploy.0 = Release|Any CPU
		{609D543E-DB1B-49C9-9BB8-39BB0CD8356E}.Release|iPhoneSimulator.ActiveCfg = Release|Any CPU
		{609D543E-DB1B-49C9-9BB8-39BB0CD8356E}.Release|iPhoneSimulator.Build.0 = Release|Any CPU
		{609D543E-DB1B-49C9-9BB8-39BB0CD8356E}.Release|iPhoneSimulator.Deploy.0 = Release|Any CPU
		{09FE3F16-5604-4383-94F8-6FE5B6BF725A}.Ad-Hoc|Any CPU.ActiveCfg = Ad-Hoc|iPhone
		{09FE3F16-5604-4383-94F8-6FE5B6BF725A}.Ad-Hoc|iPhone.ActiveCfg = Ad-Hoc|iPhone
		{09FE3F16-5604-4383-94F8-6FE5B6BF725A}.Ad-Hoc|iPhone.Build.0 = Ad-Hoc|iPhone
		{09FE3F16-5604-4383-94F8-6FE5B6BF725A}.Ad-Hoc|iPhoneSimulator.ActiveCfg = Ad-Hoc|iPhoneSimulator
		{09FE3F16-5604-4383-94F8-6FE5B6BF725A}.Ad-Hoc|iPhoneSimulator.Build.0 = Ad-Hoc|iPhoneSimulator
		{09FE3F16-5604-4383-94F8-6FE5B6BF725A}.AppStore|Any CPU.ActiveCfg = AppStore|iPhone
		{09FE3F16-5604-4383-94F8-6FE5B6BF725A}.AppStore|iPhone.ActiveCfg = AppStore|iPhone
		{09FE3F16-5604-4383-94F8-6FE5B6BF725A}.AppStore|iPhone.Build.0 = AppStore|iPhone
		{09FE3F16-5604-4383-94F8-6FE5B6BF725A}.AppStore|iPhoneSimulator.ActiveCfg = AppStore|iPhoneSimulator
		{09FE3F16-5604-4383-94F8-6FE5B6BF725A}.AppStore|iPhoneSimulator.Build.0 = AppStore|iPhoneSimulator
		{09FE3F16-5604-4383-94F8-6FE5B6BF725A}.Debug|Any CPU.ActiveCfg = Debug|iPhone
		{09FE3F16-5604-4383-94F8-6FE5B6BF725A}.Debug|iPhone.ActiveCfg = Debug|iPhone
		{09FE3F16-5604-4383-94F8-6FE5B6BF725A}.Debug|iPhone.Build.0 = Debug|iPhone
		{09FE3F16-5604-4383-94F8-6FE5B6BF725A}.Debug|iPhoneSimulator.ActiveCfg = Debug|iPhoneSimulator
		{09FE3F16-5604-4383-94F8-6FE5B6BF725A}.Debug|iPhoneSimulator.Build.0 = Debug|iPhoneSimulator
		{09FE3F16-5604-4383-94F8-6FE5B6BF725A}.Release|Any CPU.ActiveCfg = Release|iPhone
		{09FE3F16-5604-4383-94F8-6FE5B6BF725A}.Release|iPhone.ActiveCfg = Release|iPhone
		{09FE3F16-5604-4383-94F8-6FE5B6BF725A}.Release|iPhone.Build.0 = Release|iPhone
		{09FE3F16-5604-4383-94F8-6FE5B6BF725A}.Release|iPhoneSimulator.ActiveCfg = Release|iPhoneSimulator
		{09FE3F16-5604-4383-94F8-6FE5B6BF725A}.Release|iPhoneSimulator.Build.0 = Release|iPhoneSimulator
		{3ACE0CB6-7A0A-4852-92EC-EB6388B66397}.Ad-Hoc|Any CPU.ActiveCfg = Debug|Any CPU
		{3ACE0CB6-7A0A-4852-92EC-EB6388B66397}.Ad-Hoc|Any CPU.Build.0 = Debug|Any CPU
		{3ACE0CB6-7A0A-4852-92EC-EB6388B66397}.Ad-Hoc|iPhone.ActiveCfg = Debug|Any CPU
		{3ACE0CB6-7A0A-4852-92EC-EB6388B66397}.Ad-Hoc|iPhone.Build.0 = Debug|Any CPU
		{3ACE0CB6-7A0A-4852-92EC-EB6388B66397}.Ad-Hoc|iPhoneSimulator.ActiveCfg = Debug|Any CPU
		{3ACE0CB6-7A0A-4852-92EC-EB6388B66397}.Ad-Hoc|iPhoneSimulator.Build.0 = Debug|Any CPU
		{3ACE0CB6-7A0A-4852-92EC-EB6388B66397}.AppStore|Any CPU.ActiveCfg = Debug|Any CPU
		{3ACE0CB6-7A0A-4852-92EC-EB6388B66397}.AppStore|Any CPU.Build.0 = Debug|Any CPU
		{3ACE0CB6-7A0A-4852-92EC-EB6388B66397}.AppStore|iPhone.ActiveCfg = Debug|Any CPU
		{3ACE0CB6-7A0A-4852-92EC-EB6388B66397}.AppStore|iPhone.Build.0 = Debug|Any CPU
		{3ACE0CB6-7A0A-4852-92EC-EB6388B66397}.AppStore|iPhoneSimulator.ActiveCfg = Debug|Any CPU
		{3ACE0CB6-7A0A-4852-92EC-EB6388B66397}.AppStore|iPhoneSimulator.Build.0 = Debug|Any CPU
		{3ACE0CB6-7A0A-4852-92EC-EB6388B66397}.Debug|Any CPU.ActiveCfg = Debug|Any CPU
		{3ACE0CB6-7A0A-4852-92EC-EB6388B66397}.Debug|Any CPU.Build.0 = Debug|Any CPU
		{3ACE0CB6-7A0A-4852-92EC-EB6388B66397}.Debug|iPhone.ActiveCfg = Debug|Any CPU
		{3ACE0CB6-7A0A-4852-92EC-EB6388B66397}.Debug|iPhone.Build.0 = Debug|Any CPU
		{3ACE0CB6-7A0A-4852-92EC-EB6388B66397}.Debug|iPhoneSimulator.ActiveCfg = Debug|Any CPU
		{3ACE0CB6-7A0A-4852-92EC-EB6388B66397}.Debug|iPhoneSimulator.Build.0 = Debug|Any CPU
		{3ACE0CB6-7A0A-4852-92EC-EB6388B66397}.Release|Any CPU.ActiveCfg = Release|Any CPU
		{3ACE0CB6-7A0A-4852-92EC-EB6388B66397}.Release|Any CPU.Build.0 = Release|Any CPU
		{3ACE0CB6-7A0A-4852-92EC-EB6388B66397}.Release|iPhone.ActiveCfg = Release|Any CPU
		{3ACE0CB6-7A0A-4852-92EC-EB6388B66397}.Release|iPhone.Build.0 = Release|Any CPU
		{3ACE0CB6-7A0A-4852-92EC-EB6388B66397}.Release|iPhoneSimulator.ActiveCfg = Release|Any CPU
		{3ACE0CB6-7A0A-4852-92EC-EB6388B66397}.Release|iPhoneSimulator.Build.0 = Release|Any CPU
		{38855710-656E-40EB-8490-024F96ADCDDE}.Ad-Hoc|Any CPU.ActiveCfg = Release|Any CPU
		{38855710-656E-40EB-8490-024F96ADCDDE}.Ad-Hoc|Any CPU.Build.0 = Release|Any CPU
		{38855710-656E-40EB-8490-024F96ADCDDE}.Ad-Hoc|iPhone.ActiveCfg = Release|Any CPU
		{38855710-656E-40EB-8490-024F96ADCDDE}.Ad-Hoc|iPhone.Build.0 = Release|Any CPU
		{38855710-656E-40EB-8490-024F96ADCDDE}.Ad-Hoc|iPhoneSimulator.ActiveCfg = Release|Any CPU
		{38855710-656E-40EB-8490-024F96ADCDDE}.Ad-Hoc|iPhoneSimulator.Build.0 = Release|Any CPU
		{38855710-656E-40EB-8490-024F96ADCDDE}.AppStore|Any CPU.ActiveCfg = Release|Any CPU
		{38855710-656E-40EB-8490-024F96ADCDDE}.AppStore|Any CPU.Build.0 = Release|Any CPU
		{38855710-656E-40EB-8490-024F96ADCDDE}.AppStore|iPhone.ActiveCfg = Release|Any CPU
		{38855710-656E-40EB-8490-024F96ADCDDE}.AppStore|iPhone.Build.0 = Release|Any CPU
		{38855710-656E-40EB-8490-024F96ADCDDE}.AppStore|iPhoneSimulator.ActiveCfg = Release|Any CPU
		{38855710-656E-40EB-8490-024F96ADCDDE}.AppStore|iPhoneSimulator.Build.0 = Release|Any CPU
		{38855710-656E-40EB-8490-024F96ADCDDE}.Debug|Any CPU.ActiveCfg = Debug|Any CPU
		{38855710-656E-40EB-8490-024F96ADCDDE}.Debug|Any CPU.Build.0 = Debug|Any CPU
		{38855710-656E-40EB-8490-024F96ADCDDE}.Debug|iPhone.ActiveCfg = Debug|Any CPU
		{38855710-656E-40EB-8490-024F96ADCDDE}.Debug|iPhone.Build.0 = Debug|Any CPU
		{38855710-656E-40EB-8490-024F96ADCDDE}.Debug|iPhoneSimulator.ActiveCfg = Debug|Any CPU
		{38855710-656E-40EB-8490-024F96ADCDDE}.Debug|iPhoneSimulator.Build.0 = Debug|Any CPU
		{38855710-656E-40EB-8490-024F96ADCDDE}.Release|Any CPU.ActiveCfg = Release|Any CPU
		{38855710-656E-40EB-8490-024F96ADCDDE}.Release|Any CPU.Build.0 = Release|Any CPU
		{38855710-656E-40EB-8490-024F96ADCDDE}.Release|iPhone.ActiveCfg = Release|Any CPU
		{38855710-656E-40EB-8490-024F96ADCDDE}.Release|iPhone.Build.0 = Release|Any CPU
		{38855710-656E-40EB-8490-024F96ADCDDE}.Release|iPhoneSimulator.ActiveCfg = Release|Any CPU
		{38855710-656E-40EB-8490-024F96ADCDDE}.Release|iPhoneSimulator.Build.0 = Release|Any CPU
		{B687CEFE-9A4E-4FA9-8F77-07E4ADEA7E72}.Ad-Hoc|Any CPU.ActiveCfg = Release|Any CPU
		{B687CEFE-9A4E-4FA9-8F77-07E4ADEA7E72}.Ad-Hoc|Any CPU.Build.0 = Release|Any CPU
		{B687CEFE-9A4E-4FA9-8F77-07E4ADEA7E72}.Ad-Hoc|iPhone.ActiveCfg = Release|Any CPU
		{B687CEFE-9A4E-4FA9-8F77-07E4ADEA7E72}.Ad-Hoc|iPhone.Build.0 = Release|Any CPU
		{B687CEFE-9A4E-4FA9-8F77-07E4ADEA7E72}.Ad-Hoc|iPhoneSimulator.ActiveCfg = Release|Any CPU
		{B687CEFE-9A4E-4FA9-8F77-07E4ADEA7E72}.Ad-Hoc|iPhoneSimulator.Build.0 = Release|Any CPU
		{B687CEFE-9A4E-4FA9-8F77-07E4ADEA7E72}.AppStore|Any CPU.ActiveCfg = Release|Any CPU
		{B687CEFE-9A4E-4FA9-8F77-07E4ADEA7E72}.AppStore|Any CPU.Build.0 = Release|Any CPU
		{B687CEFE-9A4E-4FA9-8F77-07E4ADEA7E72}.AppStore|iPhone.ActiveCfg = Release|Any CPU
		{B687CEFE-9A4E-4FA9-8F77-07E4ADEA7E72}.AppStore|iPhone.Build.0 = Release|Any CPU
		{B687CEFE-9A4E-4FA9-8F77-07E4ADEA7E72}.AppStore|iPhoneSimulator.ActiveCfg = Release|Any CPU
		{B687CEFE-9A4E-4FA9-8F77-07E4ADEA7E72}.AppStore|iPhoneSimulator.Build.0 = Release|Any CPU
		{B687CEFE-9A4E-4FA9-8F77-07E4ADEA7E72}.Debug|Any CPU.ActiveCfg = Debug|Any CPU
		{B687CEFE-9A4E-4FA9-8F77-07E4ADEA7E72}.Debug|Any CPU.Build.0 = Debug|Any CPU
		{B687CEFE-9A4E-4FA9-8F77-07E4ADEA7E72}.Debug|iPhone.ActiveCfg = Debug|Any CPU
		{B687CEFE-9A4E-4FA9-8F77-07E4ADEA7E72}.Debug|iPhone.Build.0 = Debug|Any CPU
		{B687CEFE-9A4E-4FA9-8F77-07E4ADEA7E72}.Debug|iPhoneSimulator.ActiveCfg = Debug|Any CPU
		{B687CEFE-9A4E-4FA9-8F77-07E4ADEA7E72}.Debug|iPhoneSimulator.Build.0 = Debug|Any CPU
		{B687CEFE-9A4E-4FA9-8F77-07E4ADEA7E72}.Release|Any CPU.ActiveCfg = Release|Any CPU
		{B687CEFE-9A4E-4FA9-8F77-07E4ADEA7E72}.Release|Any CPU.Build.0 = Release|Any CPU
		{B687CEFE-9A4E-4FA9-8F77-07E4ADEA7E72}.Release|iPhone.ActiveCfg = Release|Any CPU
		{B687CEFE-9A4E-4FA9-8F77-07E4ADEA7E72}.Release|iPhone.Build.0 = Release|Any CPU
		{B687CEFE-9A4E-4FA9-8F77-07E4ADEA7E72}.Release|iPhoneSimulator.ActiveCfg = Release|Any CPU
		{B687CEFE-9A4E-4FA9-8F77-07E4ADEA7E72}.Release|iPhoneSimulator.Build.0 = Release|Any CPU
	EndGlobalSection
	GlobalSection(SolutionProperties) = preSolution
		HideSolutionNode = FALSE
	EndGlobalSection
	GlobalSection(ExtensibilityGlobals) = postSolution
		SolutionGuid = {F6D39595-1059-4C91-AD65-4FC26A668684}
	EndGlobalSection
EndGlobal
